// !$*UTF8*$!
{
	archiveVersion = 1;
	classes = {
	};
	objectVersion = 56;
	objects = {

/* Begin PBXBuildFile section */
		1D33AAF22AE5C94900AAA2E4 /* AppDelegate.swift in Sources */ = {isa = PBXBuildFile; fileRef = 1D33AAF12AE5C94900AAA2E4 /* AppDelegate.swift */; };
		1D33AAF42AE5C94900AAA2E4 /* SceneDelegate.swift in Sources */ = {isa = PBXBuildFile; fileRef = 1D33AAF32AE5C94900AAA2E4 /* SceneDelegate.swift */; };
		1D33AAF62AE5C94900AAA2E4 /* ViewController.swift in Sources */ = {isa = PBXBuildFile; fileRef = 1D33AAF52AE5C94900AAA2E4 /* ViewController.swift */; };
		1D33AAF92AE5C94900AAA2E4 /* Main.storyboard in Resources */ = {isa = PBXBuildFile; fileRef = 1D33AAF72AE5C94900AAA2E4 /* Main.storyboard */; };
		1D33AAFC2AE5C94900AAA2E4 /* Safe_Transport_iOS.xcdatamodeld in Sources */ = {isa = PBXBuildFile; fileRef = 1D33AAFA2AE5C94900AAA2E4 /* Safe_Transport_iOS.xcdatamodeld */; };
		1D33AAFE2AE5C94A00AAA2E4 /* Assets.xcassets in Resources */ = {isa = PBXBuildFile; fileRef = 1D33AAFD2AE5C94A00AAA2E4 /* Assets.xcassets */; };
		1D33AB012AE5C94A00AAA2E4 /* LaunchScreen.storyboard in Resources */ = {isa = PBXBuildFile; fileRef = 1D33AAFF2AE5C94A00AAA2E4 /* LaunchScreen.storyboard */; };
		1D33AB0C2AE5C94A00AAA2E4 /* Safe_Transport_iOSTests.swift in Sources */ = {isa = PBXBuildFile; fileRef = 1D33AB0B2AE5C94A00AAA2E4 /* Safe_Transport_iOSTests.swift */; };
		1D33AB162AE5C94A00AAA2E4 /* Safe_Transport_iOSUITests.swift in Sources */ = {isa = PBXBuildFile; fileRef = 1D33AB152AE5C94A00AAA2E4 /* Safe_Transport_iOSUITests.swift */; };
		1D33AB182AE5C94A00AAA2E4 /* Safe_Transport_iOSUITestsLaunchTests.swift in Sources */ = {isa = PBXBuildFile; fileRef = 1D33AB172AE5C94A00AAA2E4 /* Safe_Transport_iOSUITestsLaunchTests.swift */; };
		1D33AB2B2AE5C96F00AAA2E4 /* Safe_Transport_WatchOSApp.swift in Sources */ = {isa = PBXBuildFile; fileRef = 1D33AB2A2AE5C96F00AAA2E4 /* Safe_Transport_WatchOSApp.swift */; };
		1D33AB2D2AE5C96F00AAA2E4 /* ContentView.swift in Sources */ = {isa = PBXBuildFile; fileRef = 1D33AB2C2AE5C96F00AAA2E4 /* ContentView.swift */; };
		1D33AB2F2AE5C96F00AAA2E4 /* Assets.xcassets in Resources */ = {isa = PBXBuildFile; fileRef = 1D33AB2E2AE5C96F00AAA2E4 /* Assets.xcassets */; };
		1D33AB322AE5C96F00AAA2E4 /* Preview Assets.xcassets in Resources */ = {isa = PBXBuildFile; fileRef = 1D33AB312AE5C96F00AAA2E4 /* Preview Assets.xcassets */; };
		1D33AB3C2AE5C97000AAA2E4 /* Safe_Transport_WatchOS_Watch_AppTests.swift in Sources */ = {isa = PBXBuildFile; fileRef = 1D33AB3B2AE5C97000AAA2E4 /* Safe_Transport_WatchOS_Watch_AppTests.swift */; };
		1D33AB462AE5C97000AAA2E4 /* Safe_Transport_WatchOS_Watch_AppUITests.swift in Sources */ = {isa = PBXBuildFile; fileRef = 1D33AB452AE5C97000AAA2E4 /* Safe_Transport_WatchOS_Watch_AppUITests.swift */; };
		1D33AB482AE5C97000AAA2E4 /* Safe_Transport_WatchOS_Watch_AppUITestsLaunchTests.swift in Sources */ = {isa = PBXBuildFile; fileRef = 1D33AB472AE5C97000AAA2E4 /* Safe_Transport_WatchOS_Watch_AppUITestsLaunchTests.swift */; };
		1D33AB4B2AE5C97000AAA2E4 /* Safe-Transport-WatchOS Watch App.app in Embed Watch Content */ = {isa = PBXBuildFile; fileRef = 1D33AB282AE5C96F00AAA2E4 /* Safe-Transport-WatchOS Watch App.app */; settings = {ATTRIBUTES = (RemoveHeadersOnCopy, ); }; };
		1D33AB592AE5CAD800AAA2E4 /* CoreLocation.framework in Frameworks */ = {isa = PBXBuildFile; fileRef = 1D33AB572AE5CAD800AAA2E4 /* CoreLocation.framework */; };
		1D33AB5A2AE5CAD800AAA2E4 /* CoreLocationUI.framework in Frameworks */ = {isa = PBXBuildFile; fileRef = 1D33AB582AE5CAD800AAA2E4 /* CoreLocationUI.framework */; };
		1D33AB5C2AE5D6E800AAA2E4 /* WatchSessionManager.swift in Sources */ = {isa = PBXBuildFile; fileRef = 1D33AB5B2AE5D6E800AAA2E4 /* WatchSessionManager.swift */; };
/* End PBXBuildFile section */

/* Begin PBXContainerItemProxy section */
		1D33AB082AE5C94A00AAA2E4 /* PBXContainerItemProxy */ = {
			isa = PBXContainerItemProxy;
			containerPortal = 1D33AAE62AE5C94900AAA2E4 /* Project object */;
			proxyType = 1;
			remoteGlobalIDString = 1D33AAED2AE5C94900AAA2E4;
			remoteInfo = "Safe-Transport-iOS";
		};
		1D33AB122AE5C94A00AAA2E4 /* PBXContainerItemProxy */ = {
			isa = PBXContainerItemProxy;
			containerPortal = 1D33AAE62AE5C94900AAA2E4 /* Project object */;
			proxyType = 1;
			remoteGlobalIDString = 1D33AAED2AE5C94900AAA2E4;
			remoteInfo = "Safe-Transport-iOS";
		};
		1D33AB382AE5C97000AAA2E4 /* PBXContainerItemProxy */ = {
			isa = PBXContainerItemProxy;
			containerPortal = 1D33AAE62AE5C94900AAA2E4 /* Project object */;
			proxyType = 1;
			remoteGlobalIDString = 1D33AB272AE5C96F00AAA2E4;
			remoteInfo = "Safe-Transport-WatchOS Watch App";
		};
		1D33AB422AE5C97000AAA2E4 /* PBXContainerItemProxy */ = {
			isa = PBXContainerItemProxy;
			containerPortal = 1D33AAE62AE5C94900AAA2E4 /* Project object */;
			proxyType = 1;
			remoteGlobalIDString = 1D33AB272AE5C96F00AAA2E4;
			remoteInfo = "Safe-Transport-WatchOS Watch App";
		};
		1D33AB492AE5C97000AAA2E4 /* PBXContainerItemProxy */ = {
			isa = PBXContainerItemProxy;
			containerPortal = 1D33AAE62AE5C94900AAA2E4 /* Project object */;
			proxyType = 1;
			remoteGlobalIDString = 1D33AB272AE5C96F00AAA2E4;
			remoteInfo = "Safe-Transport-WatchOS Watch App";
		};
/* End PBXContainerItemProxy section */

/* Begin PBXCopyFilesBuildPhase section */
		1D33AB4F2AE5C97000AAA2E4 /* Embed Watch Content */ = {
			isa = PBXCopyFilesBuildPhase;
			buildActionMask = 2147483647;
			dstPath = "$(CONTENTS_FOLDER_PATH)/Watch";
			dstSubfolderSpec = 16;
			files = (
				1D33AB4B2AE5C97000AAA2E4 /* Safe-Transport-WatchOS Watch App.app in Embed Watch Content */,
			);
			name = "Embed Watch Content";
			runOnlyForDeploymentPostprocessing = 0;
		};
/* End PBXCopyFilesBuildPhase section */

/* Begin PBXFileReference section */
		1D33AAEE2AE5C94900AAA2E4 /* Safe-Transport-iOS.app */ = {isa = PBXFileReference; explicitFileType = wrapper.application; includeInIndex = 0; path = "Safe-Transport-iOS.app"; sourceTree = BUILT_PRODUCTS_DIR; };
		1D33AAF12AE5C94900AAA2E4 /* AppDelegate.swift */ = {isa = PBXFileReference; lastKnownFileType = sourcecode.swift; path = AppDelegate.swift; sourceTree = "<group>"; };
		1D33AAF32AE5C94900AAA2E4 /* SceneDelegate.swift */ = {isa = PBXFileReference; lastKnownFileType = sourcecode.swift; path = SceneDelegate.swift; sourceTree = "<group>"; };
		1D33AAF52AE5C94900AAA2E4 /* ViewController.swift */ = {isa = PBXFileReference; lastKnownFileType = sourcecode.swift; path = ViewController.swift; sourceTree = "<group>"; };
		1D33AAF82AE5C94900AAA2E4 /* Base */ = {isa = PBXFileReference; lastKnownFileType = file.storyboard; name = Base; path = Base.lproj/Main.storyboard; sourceTree = "<group>"; };
		1D33AAFB2AE5C94900AAA2E4 /* Safe_Transport_iOS.xcdatamodel */ = {isa = PBXFileReference; lastKnownFileType = wrapper.xcdatamodel; path = Safe_Transport_iOS.xcdatamodel; sourceTree = "<group>"; };
		1D33AAFD2AE5C94A00AAA2E4 /* Assets.xcassets */ = {isa = PBXFileReference; lastKnownFileType = folder.assetcatalog; path = Assets.xcassets; sourceTree = "<group>"; };
		1D33AB002AE5C94A00AAA2E4 /* Base */ = {isa = PBXFileReference; lastKnownFileType = file.storyboard; name = Base; path = Base.lproj/LaunchScreen.storyboard; sourceTree = "<group>"; };
		1D33AB022AE5C94A00AAA2E4 /* Info.plist */ = {isa = PBXFileReference; lastKnownFileType = text.plist.xml; path = Info.plist; sourceTree = "<group>"; };
		1D33AB072AE5C94A00AAA2E4 /* Safe-Transport-iOSTests.xctest */ = {isa = PBXFileReference; explicitFileType = wrapper.cfbundle; includeInIndex = 0; path = "Safe-Transport-iOSTests.xctest"; sourceTree = BUILT_PRODUCTS_DIR; };
		1D33AB0B2AE5C94A00AAA2E4 /* Safe_Transport_iOSTests.swift */ = {isa = PBXFileReference; lastKnownFileType = sourcecode.swift; path = Safe_Transport_iOSTests.swift; sourceTree = "<group>"; };
		1D33AB112AE5C94A00AAA2E4 /* Safe-Transport-iOSUITests.xctest */ = {isa = PBXFileReference; explicitFileType = wrapper.cfbundle; includeInIndex = 0; path = "Safe-Transport-iOSUITests.xctest"; sourceTree = BUILT_PRODUCTS_DIR; };
		1D33AB152AE5C94A00AAA2E4 /* Safe_Transport_iOSUITests.swift */ = {isa = PBXFileReference; lastKnownFileType = sourcecode.swift; path = Safe_Transport_iOSUITests.swift; sourceTree = "<group>"; };
		1D33AB172AE5C94A00AAA2E4 /* Safe_Transport_iOSUITestsLaunchTests.swift */ = {isa = PBXFileReference; lastKnownFileType = sourcecode.swift; path = Safe_Transport_iOSUITestsLaunchTests.swift; sourceTree = "<group>"; };
		1D33AB282AE5C96F00AAA2E4 /* Safe-Transport-WatchOS Watch App.app */ = {isa = PBXFileReference; explicitFileType = wrapper.application; includeInIndex = 0; path = "Safe-Transport-WatchOS Watch App.app"; sourceTree = BUILT_PRODUCTS_DIR; };
		1D33AB2A2AE5C96F00AAA2E4 /* Safe_Transport_WatchOSApp.swift */ = {isa = PBXFileReference; lastKnownFileType = sourcecode.swift; path = Safe_Transport_WatchOSApp.swift; sourceTree = "<group>"; };
		1D33AB2C2AE5C96F00AAA2E4 /* ContentView.swift */ = {isa = PBXFileReference; lastKnownFileType = sourcecode.swift; path = ContentView.swift; sourceTree = "<group>"; };
		1D33AB2E2AE5C96F00AAA2E4 /* Assets.xcassets */ = {isa = PBXFileReference; lastKnownFileType = folder.assetcatalog; path = Assets.xcassets; sourceTree = "<group>"; };
		1D33AB312AE5C96F00AAA2E4 /* Preview Assets.xcassets */ = {isa = PBXFileReference; lastKnownFileType = folder.assetcatalog; path = "Preview Assets.xcassets"; sourceTree = "<group>"; };
		1D33AB372AE5C97000AAA2E4 /* Safe-Transport-WatchOS Watch AppTests.xctest */ = {isa = PBXFileReference; explicitFileType = wrapper.cfbundle; includeInIndex = 0; path = "Safe-Transport-WatchOS Watch AppTests.xctest"; sourceTree = BUILT_PRODUCTS_DIR; };
		1D33AB3B2AE5C97000AAA2E4 /* Safe_Transport_WatchOS_Watch_AppTests.swift */ = {isa = PBXFileReference; lastKnownFileType = sourcecode.swift; path = Safe_Transport_WatchOS_Watch_AppTests.swift; sourceTree = "<group>"; };
		1D33AB412AE5C97000AAA2E4 /* Safe-Transport-WatchOS Watch AppUITests.xctest */ = {isa = PBXFileReference; explicitFileType = wrapper.cfbundle; includeInIndex = 0; path = "Safe-Transport-WatchOS Watch AppUITests.xctest"; sourceTree = BUILT_PRODUCTS_DIR; };
		1D33AB452AE5C97000AAA2E4 /* Safe_Transport_WatchOS_Watch_AppUITests.swift */ = {isa = PBXFileReference; lastKnownFileType = sourcecode.swift; path = Safe_Transport_WatchOS_Watch_AppUITests.swift; sourceTree = "<group>"; };
		1D33AB472AE5C97000AAA2E4 /* Safe_Transport_WatchOS_Watch_AppUITestsLaunchTests.swift */ = {isa = PBXFileReference; lastKnownFileType = sourcecode.swift; path = Safe_Transport_WatchOS_Watch_AppUITestsLaunchTests.swift; sourceTree = "<group>"; };
		1D33AB572AE5CAD800AAA2E4 /* CoreLocation.framework */ = {isa = PBXFileReference; lastKnownFileType = wrapper.framework; name = CoreLocation.framework; path = System/Library/Frameworks/CoreLocation.framework; sourceTree = SDKROOT; };
		1D33AB582AE5CAD800AAA2E4 /* CoreLocationUI.framework */ = {isa = PBXFileReference; lastKnownFileType = wrapper.framework; name = CoreLocationUI.framework; path = System/Library/Frameworks/CoreLocationUI.framework; sourceTree = SDKROOT; };
		1D33AB5B2AE5D6E800AAA2E4 /* WatchSessionManager.swift */ = {isa = PBXFileReference; lastKnownFileType = sourcecode.swift; path = WatchSessionManager.swift; sourceTree = "<group>"; };
/* End PBXFileReference section */

/* Begin PBXFrameworksBuildPhase section */
		1D33AAEB2AE5C94900AAA2E4 /* Frameworks */ = {
			isa = PBXFrameworksBuildPhase;
			buildActionMask = 2147483647;
			files = (
				1D33AB592AE5CAD800AAA2E4 /* CoreLocation.framework in Frameworks */,
				1D33AB5A2AE5CAD800AAA2E4 /* CoreLocationUI.framework in Frameworks */,
			);
			runOnlyForDeploymentPostprocessing = 0;
		};
		1D33AB042AE5C94A00AAA2E4 /* Frameworks */ = {
			isa = PBXFrameworksBuildPhase;
			buildActionMask = 2147483647;
			files = (
			);
			runOnlyForDeploymentPostprocessing = 0;
		};
		1D33AB0E2AE5C94A00AAA2E4 /* Frameworks */ = {
			isa = PBXFrameworksBuildPhase;
			buildActionMask = 2147483647;
			files = (
			);
			runOnlyForDeploymentPostprocessing = 0;
		};
		1D33AB252AE5C96F00AAA2E4 /* Frameworks */ = {
			isa = PBXFrameworksBuildPhase;
			buildActionMask = 2147483647;
			files = (
			);
			runOnlyForDeploymentPostprocessing = 0;
		};
		1D33AB342AE5C97000AAA2E4 /* Frameworks */ = {
			isa = PBXFrameworksBuildPhase;
			buildActionMask = 2147483647;
			files = (
			);
			runOnlyForDeploymentPostprocessing = 0;
		};
		1D33AB3E2AE5C97000AAA2E4 /* Frameworks */ = {
			isa = PBXFrameworksBuildPhase;
			buildActionMask = 2147483647;
			files = (
			);
			runOnlyForDeploymentPostprocessing = 0;
		};
/* End PBXFrameworksBuildPhase section */

/* Begin PBXGroup section */
		1D33AAE52AE5C94900AAA2E4 = {
			isa = PBXGroup;
			children = (
				1D33AAF02AE5C94900AAA2E4 /* Safe-Transport-iOS */,
				1D33AB0A2AE5C94A00AAA2E4 /* Safe-Transport-iOSTests */,
				1D33AB142AE5C94A00AAA2E4 /* Safe-Transport-iOSUITests */,
				1D33AB292AE5C96F00AAA2E4 /* Safe-Transport-WatchOS Watch App */,
				1D33AB3A2AE5C97000AAA2E4 /* Safe-Transport-WatchOS Watch AppTests */,
				1D33AB442AE5C97000AAA2E4 /* Safe-Transport-WatchOS Watch AppUITests */,
				1D33AAEF2AE5C94900AAA2E4 /* Products */,
				1D33AB562AE5CAD800AAA2E4 /* Frameworks */,
			);
			sourceTree = "<group>";
		};
		1D33AAEF2AE5C94900AAA2E4 /* Products */ = {
			isa = PBXGroup;
			children = (
				1D33AAEE2AE5C94900AAA2E4 /* Safe-Transport-iOS.app */,
				1D33AB072AE5C94A00AAA2E4 /* Safe-Transport-iOSTests.xctest */,
				1D33AB112AE5C94A00AAA2E4 /* Safe-Transport-iOSUITests.xctest */,
				1D33AB282AE5C96F00AAA2E4 /* Safe-Transport-WatchOS Watch App.app */,
				1D33AB372AE5C97000AAA2E4 /* Safe-Transport-WatchOS Watch AppTests.xctest */,
				1D33AB412AE5C97000AAA2E4 /* Safe-Transport-WatchOS Watch AppUITests.xctest */,
			);
			name = Products;
			sourceTree = "<group>";
		};
		1D33AAF02AE5C94900AAA2E4 /* Safe-Transport-iOS */ = {
			isa = PBXGroup;
			children = (
				1D33AAF12AE5C94900AAA2E4 /* AppDelegate.swift */,
				1D33AAF32AE5C94900AAA2E4 /* SceneDelegate.swift */,
				1D33AAF52AE5C94900AAA2E4 /* ViewController.swift */,
				1D33AAF72AE5C94900AAA2E4 /* Main.storyboard */,
				1D33AAFD2AE5C94A00AAA2E4 /* Assets.xcassets */,
				1D33AAFF2AE5C94A00AAA2E4 /* LaunchScreen.storyboard */,
				1D33AB022AE5C94A00AAA2E4 /* Info.plist */,
				1D33AAFA2AE5C94900AAA2E4 /* Safe_Transport_iOS.xcdatamodeld */,
			);
			path = "Safe-Transport-iOS";
			sourceTree = "<group>";
		};
		1D33AB0A2AE5C94A00AAA2E4 /* Safe-Transport-iOSTests */ = {
			isa = PBXGroup;
			children = (
				1D33AB0B2AE5C94A00AAA2E4 /* Safe_Transport_iOSTests.swift */,
			);
			path = "Safe-Transport-iOSTests";
			sourceTree = "<group>";
		};
		1D33AB142AE5C94A00AAA2E4 /* Safe-Transport-iOSUITests */ = {
			isa = PBXGroup;
			children = (
				1D33AB152AE5C94A00AAA2E4 /* Safe_Transport_iOSUITests.swift */,
				1D33AB172AE5C94A00AAA2E4 /* Safe_Transport_iOSUITestsLaunchTests.swift */,
			);
			path = "Safe-Transport-iOSUITests";
			sourceTree = "<group>";
		};
		1D33AB292AE5C96F00AAA2E4 /* Safe-Transport-WatchOS Watch App */ = {
			isa = PBXGroup;
			children = (
				1D33AB2A2AE5C96F00AAA2E4 /* Safe_Transport_WatchOSApp.swift */,
				1D33AB5B2AE5D6E800AAA2E4 /* WatchSessionManager.swift */,
				1D33AB2C2AE5C96F00AAA2E4 /* ContentView.swift */,
				1D33AB2E2AE5C96F00AAA2E4 /* Assets.xcassets */,
				1D33AB302AE5C96F00AAA2E4 /* Preview Content */,
			);
			path = "Safe-Transport-WatchOS Watch App";
			sourceTree = "<group>";
		};
		1D33AB302AE5C96F00AAA2E4 /* Preview Content */ = {
			isa = PBXGroup;
			children = (
				1D33AB312AE5C96F00AAA2E4 /* Preview Assets.xcassets */,
			);
			path = "Preview Content";
			sourceTree = "<group>";
		};
		1D33AB3A2AE5C97000AAA2E4 /* Safe-Transport-WatchOS Watch AppTests */ = {
			isa = PBXGroup;
			children = (
				1D33AB3B2AE5C97000AAA2E4 /* Safe_Transport_WatchOS_Watch_AppTests.swift */,
			);
			path = "Safe-Transport-WatchOS Watch AppTests";
			sourceTree = "<group>";
		};
		1D33AB442AE5C97000AAA2E4 /* Safe-Transport-WatchOS Watch AppUITests */ = {
			isa = PBXGroup;
			children = (
				1D33AB452AE5C97000AAA2E4 /* Safe_Transport_WatchOS_Watch_AppUITests.swift */,
				1D33AB472AE5C97000AAA2E4 /* Safe_Transport_WatchOS_Watch_AppUITestsLaunchTests.swift */,
			);
			path = "Safe-Transport-WatchOS Watch AppUITests";
			sourceTree = "<group>";
		};
		1D33AB562AE5CAD800AAA2E4 /* Frameworks */ = {
			isa = PBXGroup;
			children = (
				1D33AB572AE5CAD800AAA2E4 /* CoreLocation.framework */,
				1D33AB582AE5CAD800AAA2E4 /* CoreLocationUI.framework */,
			);
			name = Frameworks;
			sourceTree = "<group>";
		};
/* End PBXGroup section */

/* Begin PBXNativeTarget section */
		1D33AAED2AE5C94900AAA2E4 /* Safe-Transport-iOS */ = {
			isa = PBXNativeTarget;
			buildConfigurationList = 1D33AB1B2AE5C94A00AAA2E4 /* Build configuration list for PBXNativeTarget "Safe-Transport-iOS" */;
			buildPhases = (
				1D33AAEA2AE5C94900AAA2E4 /* Sources */,
				1D33AAEB2AE5C94900AAA2E4 /* Frameworks */,
				1D33AAEC2AE5C94900AAA2E4 /* Resources */,
				1D33AB4F2AE5C97000AAA2E4 /* Embed Watch Content */,
			);
			buildRules = (
			);
			dependencies = (
				1D33AB4A2AE5C97000AAA2E4 /* PBXTargetDependency */,
			);
			name = "Safe-Transport-iOS";
			productName = "Safe-Transport-iOS";
			productReference = 1D33AAEE2AE5C94900AAA2E4 /* Safe-Transport-iOS.app */;
			productType = "com.apple.product-type.application";
		};
		1D33AB062AE5C94A00AAA2E4 /* Safe-Transport-iOSTests */ = {
			isa = PBXNativeTarget;
			buildConfigurationList = 1D33AB1E2AE5C94A00AAA2E4 /* Build configuration list for PBXNativeTarget "Safe-Transport-iOSTests" */;
			buildPhases = (
				1D33AB032AE5C94A00AAA2E4 /* Sources */,
				1D33AB042AE5C94A00AAA2E4 /* Frameworks */,
				1D33AB052AE5C94A00AAA2E4 /* Resources */,
			);
			buildRules = (
			);
			dependencies = (
				1D33AB092AE5C94A00AAA2E4 /* PBXTargetDependency */,
			);
			name = "Safe-Transport-iOSTests";
			productName = "Safe-Transport-iOSTests";
			productReference = 1D33AB072AE5C94A00AAA2E4 /* Safe-Transport-iOSTests.xctest */;
			productType = "com.apple.product-type.bundle.unit-test";
		};
		1D33AB102AE5C94A00AAA2E4 /* Safe-Transport-iOSUITests */ = {
			isa = PBXNativeTarget;
			buildConfigurationList = 1D33AB212AE5C94A00AAA2E4 /* Build configuration list for PBXNativeTarget "Safe-Transport-iOSUITests" */;
			buildPhases = (
				1D33AB0D2AE5C94A00AAA2E4 /* Sources */,
				1D33AB0E2AE5C94A00AAA2E4 /* Frameworks */,
				1D33AB0F2AE5C94A00AAA2E4 /* Resources */,
			);
			buildRules = (
			);
			dependencies = (
				1D33AB132AE5C94A00AAA2E4 /* PBXTargetDependency */,
			);
			name = "Safe-Transport-iOSUITests";
			productName = "Safe-Transport-iOSUITests";
			productReference = 1D33AB112AE5C94A00AAA2E4 /* Safe-Transport-iOSUITests.xctest */;
			productType = "com.apple.product-type.bundle.ui-testing";
		};
		1D33AB272AE5C96F00AAA2E4 /* Safe-Transport-WatchOS Watch App */ = {
			isa = PBXNativeTarget;
			buildConfigurationList = 1D33AB4C2AE5C97000AAA2E4 /* Build configuration list for PBXNativeTarget "Safe-Transport-WatchOS Watch App" */;
			buildPhases = (
				1D33AB242AE5C96F00AAA2E4 /* Sources */,
				1D33AB252AE5C96F00AAA2E4 /* Frameworks */,
				1D33AB262AE5C96F00AAA2E4 /* Resources */,
			);
			buildRules = (
			);
			dependencies = (
			);
			name = "Safe-Transport-WatchOS Watch App";
			productName = "Safe-Transport-WatchOS Watch App";
			productReference = 1D33AB282AE5C96F00AAA2E4 /* Safe-Transport-WatchOS Watch App.app */;
			productType = "com.apple.product-type.application";
		};
		1D33AB362AE5C97000AAA2E4 /* Safe-Transport-WatchOS Watch AppTests */ = {
			isa = PBXNativeTarget;
			buildConfigurationList = 1D33AB502AE5C97000AAA2E4 /* Build configuration list for PBXNativeTarget "Safe-Transport-WatchOS Watch AppTests" */;
			buildPhases = (
				1D33AB332AE5C97000AAA2E4 /* Sources */,
				1D33AB342AE5C97000AAA2E4 /* Frameworks */,
				1D33AB352AE5C97000AAA2E4 /* Resources */,
			);
			buildRules = (
			);
			dependencies = (
				1D33AB392AE5C97000AAA2E4 /* PBXTargetDependency */,
			);
			name = "Safe-Transport-WatchOS Watch AppTests";
			productName = "Safe-Transport-WatchOS Watch AppTests";
			productReference = 1D33AB372AE5C97000AAA2E4 /* Safe-Transport-WatchOS Watch AppTests.xctest */;
			productType = "com.apple.product-type.bundle.unit-test";
		};
		1D33AB402AE5C97000AAA2E4 /* Safe-Transport-WatchOS Watch AppUITests */ = {
			isa = PBXNativeTarget;
			buildConfigurationList = 1D33AB532AE5C97000AAA2E4 /* Build configuration list for PBXNativeTarget "Safe-Transport-WatchOS Watch AppUITests" */;
			buildPhases = (
				1D33AB3D2AE5C97000AAA2E4 /* Sources */,
				1D33AB3E2AE5C97000AAA2E4 /* Frameworks */,
				1D33AB3F2AE5C97000AAA2E4 /* Resources */,
			);
			buildRules = (
			);
			dependencies = (
				1D33AB432AE5C97000AAA2E4 /* PBXTargetDependency */,
			);
			name = "Safe-Transport-WatchOS Watch AppUITests";
			productName = "Safe-Transport-WatchOS Watch AppUITests";
			productReference = 1D33AB412AE5C97000AAA2E4 /* Safe-Transport-WatchOS Watch AppUITests.xctest */;
			productType = "com.apple.product-type.bundle.ui-testing";
		};
/* End PBXNativeTarget section */

/* Begin PBXProject section */
		1D33AAE62AE5C94900AAA2E4 /* Project object */ = {
			isa = PBXProject;
			attributes = {
				BuildIndependentTargetsInParallel = 1;
				LastSwiftUpdateCheck = 1430;
				LastUpgradeCheck = 1430;
				TargetAttributes = {
					1D33AAED2AE5C94900AAA2E4 = {
						CreatedOnToolsVersion = 14.3.1;
					};
					1D33AB062AE5C94A00AAA2E4 = {
						CreatedOnToolsVersion = 14.3.1;
						TestTargetID = 1D33AAED2AE5C94900AAA2E4;
					};
					1D33AB102AE5C94A00AAA2E4 = {
						CreatedOnToolsVersion = 14.3.1;
						TestTargetID = 1D33AAED2AE5C94900AAA2E4;
					};
					1D33AB272AE5C96F00AAA2E4 = {
						CreatedOnToolsVersion = 14.3.1;
					};
					1D33AB362AE5C97000AAA2E4 = {
						CreatedOnToolsVersion = 14.3.1;
						TestTargetID = 1D33AB272AE5C96F00AAA2E4;
					};
					1D33AB402AE5C97000AAA2E4 = {
						CreatedOnToolsVersion = 14.3.1;
						TestTargetID = 1D33AB272AE5C96F00AAA2E4;
					};
				};
			};
			buildConfigurationList = 1D33AAE92AE5C94900AAA2E4 /* Build configuration list for PBXProject "Safe-Transport-iOS" */;
			compatibilityVersion = "Xcode 14.0";
			developmentRegion = en;
			hasScannedForEncodings = 0;
			knownRegions = (
				en,
				Base,
			);
			mainGroup = 1D33AAE52AE5C94900AAA2E4;
			productRefGroup = 1D33AAEF2AE5C94900AAA2E4 /* Products */;
			projectDirPath = "";
			projectRoot = "";
			targets = (
				1D33AAED2AE5C94900AAA2E4 /* Safe-Transport-iOS */,
				1D33AB062AE5C94A00AAA2E4 /* Safe-Transport-iOSTests */,
				1D33AB102AE5C94A00AAA2E4 /* Safe-Transport-iOSUITests */,
				1D33AB272AE5C96F00AAA2E4 /* Safe-Transport-WatchOS Watch App */,
				1D33AB362AE5C97000AAA2E4 /* Safe-Transport-WatchOS Watch AppTests */,
				1D33AB402AE5C97000AAA2E4 /* Safe-Transport-WatchOS Watch AppUITests */,
			);
		};
/* End PBXProject section */

/* Begin PBXResourcesBuildPhase section */
		1D33AAEC2AE5C94900AAA2E4 /* Resources */ = {
			isa = PBXResourcesBuildPhase;
			buildActionMask = 2147483647;
			files = (
				1D33AB012AE5C94A00AAA2E4 /* LaunchScreen.storyboard in Resources */,
				1D33AAFE2AE5C94A00AAA2E4 /* Assets.xcassets in Resources */,
				1D33AAF92AE5C94900AAA2E4 /* Main.storyboard in Resources */,
			);
			runOnlyForDeploymentPostprocessing = 0;
		};
		1D33AB052AE5C94A00AAA2E4 /* Resources */ = {
			isa = PBXResourcesBuildPhase;
			buildActionMask = 2147483647;
			files = (
			);
			runOnlyForDeploymentPostprocessing = 0;
		};
		1D33AB0F2AE5C94A00AAA2E4 /* Resources */ = {
			isa = PBXResourcesBuildPhase;
			buildActionMask = 2147483647;
			files = (
			);
			runOnlyForDeploymentPostprocessing = 0;
		};
		1D33AB262AE5C96F00AAA2E4 /* Resources */ = {
			isa = PBXResourcesBuildPhase;
			buildActionMask = 2147483647;
			files = (
				1D33AB322AE5C96F00AAA2E4 /* Preview Assets.xcassets in Resources */,
				1D33AB2F2AE5C96F00AAA2E4 /* Assets.xcassets in Resources */,
			);
			runOnlyForDeploymentPostprocessing = 0;
		};
		1D33AB352AE5C97000AAA2E4 /* Resources */ = {
			isa = PBXResourcesBuildPhase;
			buildActionMask = 2147483647;
			files = (
			);
			runOnlyForDeploymentPostprocessing = 0;
		};
		1D33AB3F2AE5C97000AAA2E4 /* Resources */ = {
			isa = PBXResourcesBuildPhase;
			buildActionMask = 2147483647;
			files = (
			);
			runOnlyForDeploymentPostprocessing = 0;
		};
/* End PBXResourcesBuildPhase section */

/* Begin PBXSourcesBuildPhase section */
		1D33AAEA2AE5C94900AAA2E4 /* Sources */ = {
			isa = PBXSourcesBuildPhase;
			buildActionMask = 2147483647;
			files = (
				1D33AAFC2AE5C94900AAA2E4 /* Safe_Transport_iOS.xcdatamodeld in Sources */,
				1D33AAF62AE5C94900AAA2E4 /* ViewController.swift in Sources */,
				1D33AAF22AE5C94900AAA2E4 /* AppDelegate.swift in Sources */,
				1D33AAF42AE5C94900AAA2E4 /* SceneDelegate.swift in Sources */,
			);
			runOnlyForDeploymentPostprocessing = 0;
		};
		1D33AB032AE5C94A00AAA2E4 /* Sources */ = {
			isa = PBXSourcesBuildPhase;
			buildActionMask = 2147483647;
			files = (
				1D33AB0C2AE5C94A00AAA2E4 /* Safe_Transport_iOSTests.swift in Sources */,
			);
			runOnlyForDeploymentPostprocessing = 0;
		};
		1D33AB0D2AE5C94A00AAA2E4 /* Sources */ = {
			isa = PBXSourcesBuildPhase;
			buildActionMask = 2147483647;
			files = (
				1D33AB162AE5C94A00AAA2E4 /* Safe_Transport_iOSUITests.swift in Sources */,
				1D33AB182AE5C94A00AAA2E4 /* Safe_Transport_iOSUITestsLaunchTests.swift in Sources */,
			);
			runOnlyForDeploymentPostprocessing = 0;
		};
		1D33AB242AE5C96F00AAA2E4 /* Sources */ = {
			isa = PBXSourcesBuildPhase;
			buildActionMask = 2147483647;
			files = (
				1D33AB5C2AE5D6E800AAA2E4 /* WatchSessionManager.swift in Sources */,
				1D33AB2D2AE5C96F00AAA2E4 /* ContentView.swift in Sources */,
				1D33AB2B2AE5C96F00AAA2E4 /* Safe_Transport_WatchOSApp.swift in Sources */,
			);
			runOnlyForDeploymentPostprocessing = 0;
		};
		1D33AB332AE5C97000AAA2E4 /* Sources */ = {
			isa = PBXSourcesBuildPhase;
			buildActionMask = 2147483647;
			files = (
				1D33AB3C2AE5C97000AAA2E4 /* Safe_Transport_WatchOS_Watch_AppTests.swift in Sources */,
			);
			runOnlyForDeploymentPostprocessing = 0;
		};
		1D33AB3D2AE5C97000AAA2E4 /* Sources */ = {
			isa = PBXSourcesBuildPhase;
			buildActionMask = 2147483647;
			files = (
				1D33AB462AE5C97000AAA2E4 /* Safe_Transport_WatchOS_Watch_AppUITests.swift in Sources */,
				1D33AB482AE5C97000AAA2E4 /* Safe_Transport_WatchOS_Watch_AppUITestsLaunchTests.swift in Sources */,
			);
			runOnlyForDeploymentPostprocessing = 0;
		};
/* End PBXSourcesBuildPhase section */

/* Begin PBXTargetDependency section */
		1D33AB092AE5C94A00AAA2E4 /* PBXTargetDependency */ = {
			isa = PBXTargetDependency;
			target = 1D33AAED2AE5C94900AAA2E4 /* Safe-Transport-iOS */;
			targetProxy = 1D33AB082AE5C94A00AAA2E4 /* PBXContainerItemProxy */;
		};
		1D33AB132AE5C94A00AAA2E4 /* PBXTargetDependency */ = {
			isa = PBXTargetDependency;
			target = 1D33AAED2AE5C94900AAA2E4 /* Safe-Transport-iOS */;
			targetProxy = 1D33AB122AE5C94A00AAA2E4 /* PBXContainerItemProxy */;
		};
		1D33AB392AE5C97000AAA2E4 /* PBXTargetDependency */ = {
			isa = PBXTargetDependency;
			target = 1D33AB272AE5C96F00AAA2E4 /* Safe-Transport-WatchOS Watch App */;
			targetProxy = 1D33AB382AE5C97000AAA2E4 /* PBXContainerItemProxy */;
		};
		1D33AB432AE5C97000AAA2E4 /* PBXTargetDependency */ = {
			isa = PBXTargetDependency;
			target = 1D33AB272AE5C96F00AAA2E4 /* Safe-Transport-WatchOS Watch App */;
			targetProxy = 1D33AB422AE5C97000AAA2E4 /* PBXContainerItemProxy */;
		};
		1D33AB4A2AE5C97000AAA2E4 /* PBXTargetDependency */ = {
			isa = PBXTargetDependency;
			target = 1D33AB272AE5C96F00AAA2E4 /* Safe-Transport-WatchOS Watch App */;
			targetProxy = 1D33AB492AE5C97000AAA2E4 /* PBXContainerItemProxy */;
		};
/* End PBXTargetDependency section */

/* Begin PBXVariantGroup section */
		1D33AAF72AE5C94900AAA2E4 /* Main.storyboard */ = {
			isa = PBXVariantGroup;
			children = (
				1D33AAF82AE5C94900AAA2E4 /* Base */,
			);
			name = Main.storyboard;
			sourceTree = "<group>";
		};
		1D33AAFF2AE5C94A00AAA2E4 /* LaunchScreen.storyboard */ = {
			isa = PBXVariantGroup;
			children = (
				1D33AB002AE5C94A00AAA2E4 /* Base */,
			);
			name = LaunchScreen.storyboard;
			sourceTree = "<group>";
		};
/* End PBXVariantGroup section */

/* Begin XCBuildConfiguration section */
		1D33AB192AE5C94A00AAA2E4 /* Debug */ = {
			isa = XCBuildConfiguration;
			buildSettings = {
				ALWAYS_SEARCH_USER_PATHS = NO;
				CLANG_ANALYZER_NONNULL = YES;
				CLANG_ANALYZER_NUMBER_OBJECT_CONVERSION = YES_AGGRESSIVE;
				CLANG_CXX_LANGUAGE_STANDARD = "gnu++20";
				CLANG_ENABLE_MODULES = YES;
				CLANG_ENABLE_OBJC_ARC = YES;
				CLANG_ENABLE_OBJC_WEAK = YES;
				CLANG_WARN_BLOCK_CAPTURE_AUTORELEASING = YES;
				CLANG_WARN_BOOL_CONVERSION = YES;
				CLANG_WARN_COMMA = YES;
				CLANG_WARN_CONSTANT_CONVERSION = YES;
				CLANG_WARN_DEPRECATED_OBJC_IMPLEMENTATIONS = YES;
				CLANG_WARN_DIRECT_OBJC_ISA_USAGE = YES_ERROR;
				CLANG_WARN_DOCUMENTATION_COMMENTS = YES;
				CLANG_WARN_EMPTY_BODY = YES;
				CLANG_WARN_ENUM_CONVERSION = YES;
				CLANG_WARN_INFINITE_RECURSION = YES;
				CLANG_WARN_INT_CONVERSION = YES;
				CLANG_WARN_NON_LITERAL_NULL_CONVERSION = YES;
				CLANG_WARN_OBJC_IMPLICIT_RETAIN_SELF = YES;
				CLANG_WARN_OBJC_LITERAL_CONVERSION = YES;
				CLANG_WARN_OBJC_ROOT_CLASS = YES_ERROR;
				CLANG_WARN_QUOTED_INCLUDE_IN_FRAMEWORK_HEADER = YES;
				CLANG_WARN_RANGE_LOOP_ANALYSIS = YES;
				CLANG_WARN_STRICT_PROTOTYPES = YES;
				CLANG_WARN_SUSPICIOUS_MOVE = YES;
				CLANG_WARN_UNGUARDED_AVAILABILITY = YES_AGGRESSIVE;
				CLANG_WARN_UNREACHABLE_CODE = YES;
				CLANG_WARN__DUPLICATE_METHOD_MATCH = YES;
				COPY_PHASE_STRIP = NO;
				DEBUG_INFORMATION_FORMAT = dwarf;
				ENABLE_STRICT_OBJC_MSGSEND = YES;
				ENABLE_TESTABILITY = YES;
				GCC_C_LANGUAGE_STANDARD = gnu11;
				GCC_DYNAMIC_NO_PIC = NO;
				GCC_NO_COMMON_BLOCKS = YES;
				GCC_OPTIMIZATION_LEVEL = 0;
				GCC_PREPROCESSOR_DEFINITIONS = (
					"DEBUG=1",
					"$(inherited)",
				);
				GCC_WARN_64_TO_32_BIT_CONVERSION = YES;
				GCC_WARN_ABOUT_RETURN_TYPE = YES_ERROR;
				GCC_WARN_UNDECLARED_SELECTOR = YES;
				GCC_WARN_UNINITIALIZED_AUTOS = YES_AGGRESSIVE;
				GCC_WARN_UNUSED_FUNCTION = YES;
				GCC_WARN_UNUSED_VARIABLE = YES;
				IPHONEOS_DEPLOYMENT_TARGET = 16.4;
				MTL_ENABLE_DEBUG_INFO = INCLUDE_SOURCE;
				MTL_FAST_MATH = YES;
				ONLY_ACTIVE_ARCH = YES;
				SDKROOT = iphoneos;
				SWIFT_ACTIVE_COMPILATION_CONDITIONS = DEBUG;
				SWIFT_OPTIMIZATION_LEVEL = "-Onone";
			};
			name = Debug;
		};
		1D33AB1A2AE5C94A00AAA2E4 /* Release */ = {
			isa = XCBuildConfiguration;
			buildSettings = {
				ALWAYS_SEARCH_USER_PATHS = NO;
				CLANG_ANALYZER_NONNULL = YES;
				CLANG_ANALYZER_NUMBER_OBJECT_CONVERSION = YES_AGGRESSIVE;
				CLANG_CXX_LANGUAGE_STANDARD = "gnu++20";
				CLANG_ENABLE_MODULES = YES;
				CLANG_ENABLE_OBJC_ARC = YES;
				CLANG_ENABLE_OBJC_WEAK = YES;
				CLANG_WARN_BLOCK_CAPTURE_AUTORELEASING = YES;
				CLANG_WARN_BOOL_CONVERSION = YES;
				CLANG_WARN_COMMA = YES;
				CLANG_WARN_CONSTANT_CONVERSION = YES;
				CLANG_WARN_DEPRECATED_OBJC_IMPLEMENTATIONS = YES;
				CLANG_WARN_DIRECT_OBJC_ISA_USAGE = YES_ERROR;
				CLANG_WARN_DOCUMENTATION_COMMENTS = YES;
				CLANG_WARN_EMPTY_BODY = YES;
				CLANG_WARN_ENUM_CONVERSION = YES;
				CLANG_WARN_INFINITE_RECURSION = YES;
				CLANG_WARN_INT_CONVERSION = YES;
				CLANG_WARN_NON_LITERAL_NULL_CONVERSION = YES;
				CLANG_WARN_OBJC_IMPLICIT_RETAIN_SELF = YES;
				CLANG_WARN_OBJC_LITERAL_CONVERSION = YES;
				CLANG_WARN_OBJC_ROOT_CLASS = YES_ERROR;
				CLANG_WARN_QUOTED_INCLUDE_IN_FRAMEWORK_HEADER = YES;
				CLANG_WARN_RANGE_LOOP_ANALYSIS = YES;
				CLANG_WARN_STRICT_PROTOTYPES = YES;
				CLANG_WARN_SUSPICIOUS_MOVE = YES;
				CLANG_WARN_UNGUARDED_AVAILABILITY = YES_AGGRESSIVE;
				CLANG_WARN_UNREACHABLE_CODE = YES;
				CLANG_WARN__DUPLICATE_METHOD_MATCH = YES;
				COPY_PHASE_STRIP = NO;
				DEBUG_INFORMATION_FORMAT = "dwarf-with-dsym";
				ENABLE_NS_ASSERTIONS = NO;
				ENABLE_STRICT_OBJC_MSGSEND = YES;
				GCC_C_LANGUAGE_STANDARD = gnu11;
				GCC_NO_COMMON_BLOCKS = YES;
				GCC_WARN_64_TO_32_BIT_CONVERSION = YES;
				GCC_WARN_ABOUT_RETURN_TYPE = YES_ERROR;
				GCC_WARN_UNDECLARED_SELECTOR = YES;
				GCC_WARN_UNINITIALIZED_AUTOS = YES_AGGRESSIVE;
				GCC_WARN_UNUSED_FUNCTION = YES;
				GCC_WARN_UNUSED_VARIABLE = YES;
				IPHONEOS_DEPLOYMENT_TARGET = 16.4;
				MTL_ENABLE_DEBUG_INFO = NO;
				MTL_FAST_MATH = YES;
				SDKROOT = iphoneos;
				SWIFT_COMPILATION_MODE = wholemodule;
				SWIFT_OPTIMIZATION_LEVEL = "-O";
				VALIDATE_PRODUCT = YES;
			};
			name = Release;
		};
		1D33AB1C2AE5C94A00AAA2E4 /* Debug */ = {
			isa = XCBuildConfiguration;
			buildSettings = {
				ALWAYS_EMBED_SWIFT_STANDARD_LIBRARIES = YES;
				ASSETCATALOG_COMPILER_APPICON_NAME = AppIcon;
				ASSETCATALOG_COMPILER_GLOBAL_ACCENT_COLOR_NAME = AccentColor;
				CODE_SIGN_STYLE = Automatic;
				CURRENT_PROJECT_VERSION = 1;
				DEVELOPMENT_TEAM = ZGY9UJHWPT;
				GENERATE_INFOPLIST_FILE = YES;
				INFOPLIST_FILE = "Safe-Transport-iOS/Info.plist";
				INFOPLIST_KEY_UIApplicationSupportsIndirectInputEvents = YES;
				INFOPLIST_KEY_UILaunchStoryboardName = LaunchScreen;
				INFOPLIST_KEY_UIMainStoryboardFile = Main;
				INFOPLIST_KEY_UISupportedInterfaceOrientations_iPad = "UIInterfaceOrientationPortrait UIInterfaceOrientationPortraitUpsideDown UIInterfaceOrientationLandscapeLeft UIInterfaceOrientationLandscapeRight";
				INFOPLIST_KEY_UISupportedInterfaceOrientations_iPhone = "UIInterfaceOrientationPortrait UIInterfaceOrientationLandscapeLeft UIInterfaceOrientationLandscapeRight";
				LD_RUNPATH_SEARCH_PATHS = (
					"$(inherited)",
					"@executable_path/Frameworks",
				);
				MARKETING_VERSION = 1.0;
				PRODUCT_BUNDLE_IDENTIFIER = "com.DitecTLab.Safe-Transport-iOS";
				PRODUCT_NAME = "$(TARGET_NAME)";
				SWIFT_EMIT_LOC_STRINGS = YES;
				SWIFT_VERSION = 5.0;
				TARGETED_DEVICE_FAMILY = "1,2";
			};
			name = Debug;
		};
		1D33AB1D2AE5C94A00AAA2E4 /* Release */ = {
			isa = XCBuildConfiguration;
			buildSettings = {
				ALWAYS_EMBED_SWIFT_STANDARD_LIBRARIES = YES;
				ASSETCATALOG_COMPILER_APPICON_NAME = AppIcon;
				ASSETCATALOG_COMPILER_GLOBAL_ACCENT_COLOR_NAME = AccentColor;
				CODE_SIGN_STYLE = Automatic;
				CURRENT_PROJECT_VERSION = 1;
				DEVELOPMENT_TEAM = ZGY9UJHWPT;
				GENERATE_INFOPLIST_FILE = YES;
				INFOPLIST_FILE = "Safe-Transport-iOS/Info.plist";
				INFOPLIST_KEY_UIApplicationSupportsIndirectInputEvents = YES;
				INFOPLIST_KEY_UILaunchStoryboardName = LaunchScreen;
				INFOPLIST_KEY_UIMainStoryboardFile = Main;
				INFOPLIST_KEY_UISupportedInterfaceOrientations_iPad = "UIInterfaceOrientationPortrait UIInterfaceOrientationPortraitUpsideDown UIInterfaceOrientationLandscapeLeft UIInterfaceOrientationLandscapeRight";
				INFOPLIST_KEY_UISupportedInterfaceOrientations_iPhone = "UIInterfaceOrientationPortrait UIInterfaceOrientationLandscapeLeft UIInterfaceOrientationLandscapeRight";
				LD_RUNPATH_SEARCH_PATHS = (
					"$(inherited)",
					"@executable_path/Frameworks",
				);
				MARKETING_VERSION = 1.0;
				PRODUCT_BUNDLE_IDENTIFIER = "com.DitecTLab.Safe-Transport-iOS";
				PRODUCT_NAME = "$(TARGET_NAME)";
				SWIFT_EMIT_LOC_STRINGS = YES;
				SWIFT_VERSION = 5.0;
				TARGETED_DEVICE_FAMILY = "1,2";
			};
			name = Release;
		};
		1D33AB1F2AE5C94A00AAA2E4 /* Debug */ = {
			isa = XCBuildConfiguration;
			buildSettings = {
				ALWAYS_EMBED_SWIFT_STANDARD_LIBRARIES = YES;
				BUNDLE_LOADER = "$(TEST_HOST)";
				CODE_SIGN_STYLE = Automatic;
				CURRENT_PROJECT_VERSION = 1;
				DEVELOPMENT_TEAM = ZGY9UJHWPT;
				GENERATE_INFOPLIST_FILE = YES;
				IPHONEOS_DEPLOYMENT_TARGET = 16.4;
				MARKETING_VERSION = 1.0;
				PRODUCT_BUNDLE_IDENTIFIER = "com.DitecTLab.Safe-Transport-iOSTests";
				PRODUCT_NAME = "$(TARGET_NAME)";
				SWIFT_EMIT_LOC_STRINGS = NO;
				SWIFT_VERSION = 5.0;
				TARGETED_DEVICE_FAMILY = "1,2";
				TEST_HOST = "$(BUILT_PRODUCTS_DIR)/Safe-Transport-iOS.app/$(BUNDLE_EXECUTABLE_FOLDER_PATH)/Safe-Transport-iOS";
			};
			name = Debug;
		};
		1D33AB202AE5C94A00AAA2E4 /* Release */ = {
			isa = XCBuildConfiguration;
			buildSettings = {
				ALWAYS_EMBED_SWIFT_STANDARD_LIBRARIES = YES;
				BUNDLE_LOADER = "$(TEST_HOST)";
				CODE_SIGN_STYLE = Automatic;
				CURRENT_PROJECT_VERSION = 1;
				DEVELOPMENT_TEAM = ZGY9UJHWPT;
				GENERATE_INFOPLIST_FILE = YES;
				IPHONEOS_DEPLOYMENT_TARGET = 16.4;
				MARKETING_VERSION = 1.0;
				PRODUCT_BUNDLE_IDENTIFIER = "com.DitecTLab.Safe-Transport-iOSTests";
				PRODUCT_NAME = "$(TARGET_NAME)";
				SWIFT_EMIT_LOC_STRINGS = NO;
				SWIFT_VERSION = 5.0;
				TARGETED_DEVICE_FAMILY = "1,2";
				TEST_HOST = "$(BUILT_PRODUCTS_DIR)/Safe-Transport-iOS.app/$(BUNDLE_EXECUTABLE_FOLDER_PATH)/Safe-Transport-iOS";
			};
			name = Release;
		};
		1D33AB222AE5C94A00AAA2E4 /* Debug */ = {
			isa = XCBuildConfiguration;
			buildSettings = {
				ALWAYS_EMBED_SWIFT_STANDARD_LIBRARIES = YES;
				CODE_SIGN_STYLE = Automatic;
				CURRENT_PROJECT_VERSION = 1;
				DEVELOPMENT_TEAM = ZGY9UJHWPT;
				GENERATE_INFOPLIST_FILE = YES;
				MARKETING_VERSION = 1.0;
				PRODUCT_BUNDLE_IDENTIFIER = "com.DitecTLab.Safe-Transport-iOSUITests";
				PRODUCT_NAME = "$(TARGET_NAME)";
				SWIFT_EMIT_LOC_STRINGS = NO;
				SWIFT_VERSION = 5.0;
				TARGETED_DEVICE_FAMILY = "1,2";
				TEST_TARGET_NAME = "Safe-Transport-iOS";
			};
			name = Debug;
		};
		1D33AB232AE5C94A00AAA2E4 /* Release */ = {
			isa = XCBuildConfiguration;
			buildSettings = {
				ALWAYS_EMBED_SWIFT_STANDARD_LIBRARIES = YES;
				CODE_SIGN_STYLE = Automatic;
				CURRENT_PROJECT_VERSION = 1;
				DEVELOPMENT_TEAM = ZGY9UJHWPT;
				GENERATE_INFOPLIST_FILE = YES;
				MARKETING_VERSION = 1.0;
				PRODUCT_BUNDLE_IDENTIFIER = "com.DitecTLab.Safe-Transport-iOSUITests";
				PRODUCT_NAME = "$(TARGET_NAME)";
				SWIFT_EMIT_LOC_STRINGS = NO;
				SWIFT_VERSION = 5.0;
				TARGETED_DEVICE_FAMILY = "1,2";
				TEST_TARGET_NAME = "Safe-Transport-iOS";
			};
			name = Release;
		};
		1D33AB4D2AE5C97000AAA2E4 /* Debug */ = {
			isa = XCBuildConfiguration;
			buildSettings = {
				ASSETCATALOG_COMPILER_APPICON_NAME = AppIcon;
				ASSETCATALOG_COMPILER_GLOBAL_ACCENT_COLOR_NAME = AccentColor;
				CODE_SIGN_STYLE = Automatic;
				CURRENT_PROJECT_VERSION = 1;
				DEVELOPMENT_ASSET_PATHS = "\"Safe-Transport-WatchOS Watch App/Preview Content\"";
				DEVELOPMENT_TEAM = ZGY9UJHWPT;
				ENABLE_PREVIEWS = YES;
				GENERATE_INFOPLIST_FILE = YES;
				INFOPLIST_KEY_CFBundleDisplayName = "Safe-Transport-WatchOS";
				INFOPLIST_KEY_UISupportedInterfaceOrientations = "UIInterfaceOrientationPortrait UIInterfaceOrientationPortraitUpsideDown";
				INFOPLIST_KEY_WKCompanionAppBundleIdentifier = "com.DitecTLab.Safe-Transport-iOS";
				LD_RUNPATH_SEARCH_PATHS = (
					"$(inherited)",
					"@executable_path/Frameworks",
				);
				MARKETING_VERSION = 1.0;
				PRODUCT_BUNDLE_IDENTIFIER = "com.DitecTLab.Safe-Transport-iOS.watchkitapp";
				PRODUCT_NAME = "$(TARGET_NAME)";
				SDKROOT = watchos;
				SKIP_INSTALL = YES;
				SWIFT_EMIT_LOC_STRINGS = YES;
				SWIFT_VERSION = 5.0;
				TARGETED_DEVICE_FAMILY = 4;
				WATCHOS_DEPLOYMENT_TARGET = 9.4;
			};
			name = Debug;
		};
		1D33AB4E2AE5C97000AAA2E4 /* Release */ = {
			isa = XCBuildConfiguration;
			buildSettings = {
				ASSETCATALOG_COMPILER_APPICON_NAME = AppIcon;
				ASSETCATALOG_COMPILER_GLOBAL_ACCENT_COLOR_NAME = AccentColor;
				CODE_SIGN_STYLE = Automatic;
				CURRENT_PROJECT_VERSION = 1;
				DEVELOPMENT_ASSET_PATHS = "\"Safe-Transport-WatchOS Watch App/Preview Content\"";
				DEVELOPMENT_TEAM = ZGY9UJHWPT;
				ENABLE_PREVIEWS = YES;
				GENERATE_INFOPLIST_FILE = YES;
				INFOPLIST_KEY_CFBundleDisplayName = "Safe-Transport-WatchOS";
				INFOPLIST_KEY_UISupportedInterfaceOrientations = "UIInterfaceOrientationPortrait UIInterfaceOrientationPortraitUpsideDown";
				INFOPLIST_KEY_WKCompanionAppBundleIdentifier = "com.DitecTLab.Safe-Transport-iOS";
				LD_RUNPATH_SEARCH_PATHS = (
					"$(inherited)",
					"@executable_path/Frameworks",
				);
				MARKETING_VERSION = 1.0;
				PRODUCT_BUNDLE_IDENTIFIER = "com.DitecTLab.Safe-Transport-iOS.watchkitapp";
				PRODUCT_NAME = "$(TARGET_NAME)";
				SDKROOT = watchos;
				SKIP_INSTALL = YES;
				SWIFT_EMIT_LOC_STRINGS = YES;
				SWIFT_VERSION = 5.0;
				TARGETED_DEVICE_FAMILY = 4;
				WATCHOS_DEPLOYMENT_TARGET = 9.4;
			};
			name = Release;
		};
		1D33AB512AE5C97000AAA2E4 /* Debug */ = {
			isa = XCBuildConfiguration;
			buildSettings = {
				ALWAYS_EMBED_SWIFT_STANDARD_LIBRARIES = YES;
				BUNDLE_LOADER = "$(TEST_HOST)";
				CODE_SIGN_STYLE = Automatic;
				CURRENT_PROJECT_VERSION = 1;
				DEVELOPMENT_TEAM = ZGY9UJHWPT;
				GENERATE_INFOPLIST_FILE = YES;
				MARKETING_VERSION = 1.0;
				PRODUCT_BUNDLE_IDENTIFIER = "com.DitecTLab.Safe-Transport-WatchOS-Watch-AppTests";
				PRODUCT_NAME = "$(TARGET_NAME)";
				SDKROOT = watchos;
				SWIFT_EMIT_LOC_STRINGS = NO;
				SWIFT_VERSION = 5.0;
				TARGETED_DEVICE_FAMILY = 4;
				TEST_HOST = "$(BUILT_PRODUCTS_DIR)/Safe-Transport-WatchOS Watch App.app/$(BUNDLE_EXECUTABLE_FOLDER_PATH)/Safe-Transport-WatchOS Watch App";
				WATCHOS_DEPLOYMENT_TARGET = 9.4;
			};
			name = Debug;
		};
		1D33AB522AE5C97000AAA2E4 /* Release */ = {
			isa = XCBuildConfiguration;
			buildSettings = {
				ALWAYS_EMBED_SWIFT_STANDARD_LIBRARIES = YES;
				BUNDLE_LOADER = "$(TEST_HOST)";
				CODE_SIGN_STYLE = Automatic;
				CURRENT_PROJECT_VERSION = 1;
				DEVELOPMENT_TEAM = ZGY9UJHWPT;
				GENERATE_INFOPLIST_FILE = YES;
				MARKETING_VERSION = 1.0;
				PRODUCT_BUNDLE_IDENTIFIER = "com.DitecTLab.Safe-Transport-WatchOS-Watch-AppTests";
				PRODUCT_NAME = "$(TARGET_NAME)";
				SDKROOT = watchos;
				SWIFT_EMIT_LOC_STRINGS = NO;
				SWIFT_VERSION = 5.0;
				TARGETED_DEVICE_FAMILY = 4;
				TEST_HOST = "$(BUILT_PRODUCTS_DIR)/Safe-Transport-WatchOS Watch App.app/$(BUNDLE_EXECUTABLE_FOLDER_PATH)/Safe-Transport-WatchOS Watch App";
				WATCHOS_DEPLOYMENT_TARGET = 9.4;
			};
			name = Release;
		};
		1D33AB542AE5C97000AAA2E4 /* Debug */ = {
			isa = XCBuildConfiguration;
			buildSettings = {
				ALWAYS_EMBED_SWIFT_STANDARD_LIBRARIES = YES;
				CODE_SIGN_STYLE = Automatic;
				CURRENT_PROJECT_VERSION = 1;
				DEVELOPMENT_TEAM = ZGY9UJHWPT;
				GENERATE_INFOPLIST_FILE = YES;
				MARKETING_VERSION = 1.0;
				PRODUCT_BUNDLE_IDENTIFIER = "com.DitecTLab.Safe-Transport-WatchOS-Watch-AppUITests";
				PRODUCT_NAME = "$(TARGET_NAME)";
				SDKROOT = watchos;
				SWIFT_EMIT_LOC_STRINGS = NO;
				SWIFT_VERSION = 5.0;
				TARGETED_DEVICE_FAMILY = 4;
				TEST_TARGET_NAME = "Safe-Transport-WatchOS Watch App";
				WATCHOS_DEPLOYMENT_TARGET = 9.4;
			};
			name = Debug;
		};
		1D33AB552AE5C97000AAA2E4 /* Release */ = {
			isa = XCBuildConfiguration;
			buildSettings = {
				ALWAYS_EMBED_SWIFT_STANDARD_LIBRARIES = YES;
				CODE_SIGN_STYLE = Automatic;
				CURRENT_PROJECT_VERSION = 1;
				DEVELOPMENT_TEAM = ZGY9UJHWPT;
				GENERATE_INFOPLIST_FILE = YES;
				MARKETING_VERSION = 1.0;
				PRODUCT_BUNDLE_IDENTIFIER = "com.DitecTLab.Safe-Transport-WatchOS-Watch-AppUITests";
				PRODUCT_NAME = "$(TARGET_NAME)";
				SDKROOT = watchos;
				SWIFT_EMIT_LOC_STRINGS = NO;
				SWIFT_VERSION = 5.0;
				TARGETED_DEVICE_FAMILY = 4;
				TEST_TARGET_NAME = "Safe-Transport-WatchOS Watch App";
				WATCHOS_DEPLOYMENT_TARGET = 9.4;
			};
			name = Release;
		};
/* End XCBuildConfiguration section */

/* Begin XCConfigurationList section */
		1D33AAE92AE5C94900AAA2E4 /* Build configuration list for PBXProject "Safe-Transport-iOS" */ = {
			isa = XCConfigurationList;
			buildConfigurations = (
				1D33AB192AE5C94A00AAA2E4 /* Debug */,
				1D33AB1A2AE5C94A00AAA2E4 /* Release */,
			);
			defaultConfigurationIsVisible = 0;
			defaultConfigurationName = Release;
		};
		1D33AB1B2AE5C94A00AAA2E4 /* Build configuration list for PBXNativeTarget "Safe-Transport-iOS" */ = {
			isa = XCConfigurationList;
			buildConfigurations = (
				1D33AB1C2AE5C94A00AAA2E4 /* Debug */,
				1D33AB1D2AE5C94A00AAA2E4 /* Release */,
			);
			defaultConfigurationIsVisible = 0;
			defaultConfigurationName = Release;
		};
		1D33AB1E2AE5C94A00AAA2E4 /* Build configuration list for PBXNativeTarget "Safe-Transport-iOSTests" */ = {
			isa = XCConfigurationList;
			buildConfigurations = (
				1D33AB1F2AE5C94A00AAA2E4 /* Debug */,
				1D33AB202AE5C94A00AAA2E4 /* Release */,
			);
			defaultConfigurationIsVisible = 0;
			defaultConfigurationName = Release;
		};
		1D33AB212AE5C94A00AAA2E4 /* Build configuration list for PBXNativeTarget "Safe-Transport-iOSUITests" */ = {
			isa = XCConfigurationList;
			buildConfigurations = (
				1D33AB222AE5C94A00AAA2E4 /* Debug */,
				1D33AB232AE5C94A00AAA2E4 /* Release */,
			);
			defaultConfigurationIsVisible = 0;
			defaultConfigurationName = Release;
		};
		1D33AB4C2AE5C97000AAA2E4 /* Build configuration list for PBXNativeTarget "Safe-Transport-WatchOS Watch App" */ = {
			isa = XCConfigurationList;
			buildConfigurations = (
				1D33AB4D2AE5C97000AAA2E4 /* Debug */,
				1D33AB4E2AE5C97000AAA2E4 /* Release */,
			);
			defaultConfigurationIsVisible = 0;
			defaultConfigurationName = Release;
		};
		1D33AB502AE5C97000AAA2E4 /* Build configuration list for PBXNativeTarget "Safe-Transport-WatchOS Watch AppTests" */ = {
			isa = XCConfigurationList;
			buildConfigurations = (
				1D33AB512AE5C97000AAA2E4 /* Debug */,
				1D33AB522AE5C97000AAA2E4 /* Release */,
			);
			defaultConfigurationIsVisible = 0;
			defaultConfigurationName = Release;
		};
		1D33AB532AE5C97000AAA2E4 /* Build configuration list for PBXNativeTarget "Safe-Transport-WatchOS Watch AppUITests" */ = {
			isa = XCConfigurationList;
			buildConfigurations = (
				1D33AB542AE5C97000AAA2E4 /* Debug */,
				1D33AB552AE5C97000AAA2E4 /* Release */,
			);
			defaultConfigurationIsVisible = 0;
			defaultConfigurationName = Release;
		};
/* End XCConfigurationList section */

/* Begin XCVersionGroup section */
		1D33AAFA2AE5C94900AAA2E4 /* Safe_Transport_iOS.xcdatamodeld */ = {
			isa = XCVersionGroup;
			children = (
				1D33AAFB2AE5C94900AAA2E4 /* Safe_Transport_iOS.xcdatamodel */,
			);
			currentVersion = 1D33AAFB2AE5C94900AAA2E4 /* Safe_Transport_iOS.xcdatamodel */;
			path = Safe_Transport_iOS.xcdatamodeld;
			sourceTree = "<group>";
			versionGroupType = wrapper.xcdatamodel;
		};
/* End XCVersionGroup section */
	};
	rootObject = 1D33AAE62AE5C94900AAA2E4 /* Project object */;
}
